
Microsoft Visual Studio Solution File, Format Version 12.00
# Visual Studio Version 16
VisualStudioVersion = 16.0.29709.97
MinimumVisualStudioVersion = 10.0.40219.1
Project("{FAE04EC0-301F-11D3-BF4B-00C04F79EFBC}") = "BethanysPieShop", "BethanysPieShop\BethanysPieShop.csproj", "{34D1FBEA-26F7-465C-A261-90711B091D43}"
EndProject
Global
	GlobalSection(SolutionConfigurationPlatforms) = preSolution
		Debug|Any CPU = Debug|Any CPU
		Release|Any CPU = Release|Any CPU
	EndGlobalSection
	GlobalSection(ProjectConfigurationPlatforms) = postSolution
		{34D1FBEA-26F7-465C-A261-90711B091D43}.Debug|Any CPU.ActiveCfg = Debug|Any CPU
		{34D1FBEA-26F7-465C-A261-90711B091D43}.Debug|Any CPU.Build.0 = Debug|Any CPU
		{34D1FBEA-26F7-465C-A261-90711B091D43}.Release|Any CPU.ActiveCfg = Release|Any CPU
		{34D1FBEA-26F7-465C-A261-90711B091D43}.Release|Any CPU.Build.0 = Release|Any CPU
	EndGlobalSection
	GlobalSection(SolutionProperties) = preSolution
		HideSolutionNode = FALSE
	EndGlobalSection
	GlobalSection(ExtensibilityGlobals) = postSolution
		SolutionGuid = {06E693F1-024E-4C73-AE3C-947C198DABC5}
	EndGlobalSection
EndGlobal
